<Solution>
  <Project Path="ControleAcessoVeiculos.API/ControleAcessoVeiculos.API.csproj" />
  <Project Path="ControleAcessoVeiculos.Application/ControleAcessoVeiculos.Application.csproj" />
  <Project Path="ControleAcessoVeiculos.Application.Tests/ControleAcessoVeiculos.Application.Tests.csproj" />
  <Project Path="ControleAcessoVeiculos.Domain.Tests/ControleAcessoVeiculos.Domain.Tests.csproj" />
  <Project Path="ControleAcessoVeiculos.Domain/ControleAcessoVeiculos.Domain.csproj" />
  <Project Path="ControleAcessoVeiculos.Infrastructure/ControleAcessoVeiculos.Infrastructure.csproj" />
  <Project Path="ControleAcessoVeiculos.IntegrationTests/ControleAcessoVeiculos.IntegrationTests.csproj" />
</Solution>
